
Microsoft Visual Studio Solution File, Format Version 12.00
# Visual Studio Version 17
VisualStudioVersion = 17.0.31919.166
MinimumVisualStudioVersion = 10.0.40219.1
Project("{9A19103F-16F7-4668-BE54-9A1E7A4F7556}") = "PoolController.WebAPI", "PoolController.WebAPI.csproj", "{7E8A5F63-C1B6-44E9-BA8B-3F63D7155E55}"
EndProject
Project("{FAE04EC0-301F-11D3-BF4B-00C04F79EFBC}") = "PoolController.WebAPI.Test", "..\PoolController.WebAPI.Test\PoolController.WebAPI.Test.csproj", "{69310CE3-A334-45F4-AF59-E57997DA35C7}"
EndProject
Global
	GlobalSection(SolutionConfigurationPlatforms) = preSolution
		Debug|Any CPU = Debug|Any CPU
		Release|Any CPU = Release|Any CPU
	EndGlobalSection
	GlobalSection(ProjectConfigurationPlatforms) = postSolution
		{7E8A5F63-C1B6-44E9-BA8B-3F63D7155E55}.Debug|Any CPU.ActiveCfg = Debug|Any CPU
		{7E8A5F63-C1B6-44E9-BA8B-3F63D7155E55}.Debug|Any CPU.Build.0 = Debug|Any CPU
		{7E8A5F63-C1B6-44E9-BA8B-3F63D7155E55}.Release|Any CPU.ActiveCfg = Release|Any CPU
		{7E8A5F63-C1B6-44E9-BA8B-3F63D7155E55}.Release|Any CPU.Build.0 = Release|Any CPU
		{69310CE3-A334-45F4-AF59-E57997DA35C7}.Debug|Any CPU.ActiveCfg = Debug|Any CPU
		{69310CE3-A334-45F4-AF59-E57997DA35C7}.Debug|Any CPU.Build.0 = Debug|Any CPU
		{69310CE3-A334-45F4-AF59-E57997DA35C7}.Release|Any CPU.ActiveCfg = Release|Any CPU
		{69310CE3-A334-45F4-AF59-E57997DA35C7}.Release|Any CPU.Build.0 = Release|Any CPU
	EndGlobalSection
	GlobalSection(SolutionProperties) = preSolution
		HideSolutionNode = FALSE
	EndGlobalSection
	GlobalSection(ExtensibilityGlobals) = postSolution
		SolutionGuid = {9E2A4008-53C0-494F-93D6-9DAC656317EF}
	EndGlobalSection
EndGlobal
